
Microsoft Visual Studio Solution File, Format Version 12.00
# Visual Studio Version 17
VisualStudioVersion = 17.14.36429.23 d17.14
MinimumVisualStudioVersion = 10.0.40219.1
Project("{FAE04EC0-301F-11D3-BF4B-00C04F79EFBC}") = "WindowsFormsApp1", "WindowsFormsApp1\WindowsFormsApp1.csproj", "{54BF66AC-82B9-4851-BA98-2AE371AF73CB}"
EndProject
Global
	GlobalSection(SolutionConfigurationPlatforms) = preSolution
		Debug|Any CPU = Debug|Any CPU
		Release|Any CPU = Release|Any CPU
	EndGlobalSection
	GlobalSection(ProjectConfigurationPlatforms) = postSolution
		{54BF66AC-82B9-4851-BA98-2AE371AF73CB}.Debug|Any CPU.ActiveCfg = Debug|Any CPU
		{54BF66AC-82B9-4851-BA98-2AE371AF73CB}.Debug|Any CPU.Build.0 = Debug|Any CPU
		{54BF66AC-82B9-4851-BA98-2AE371AF73CB}.Release|Any CPU.ActiveCfg = Release|Any CPU
		{54BF66AC-82B9-4851-BA98-2AE371AF73CB}.Release|Any CPU.Build.0 = Release|Any CPU
	EndGlobalSection
	GlobalSection(SolutionProperties) = preSolution
		HideSolutionNode = FALSE
	EndGlobalSection
	GlobalSection(ExtensibilityGlobals) = postSolution
		SolutionGuid = {A9599C17-DC6B-4638-944F-0633F16B7D17}
	EndGlobalSection
EndGlobal
